// !$*UTF8*$!
{
	archiveVersion = 1;
	classes = {
	};
	objectVersion = 46;
	objects = {

/* Begin PBXBuildFile section */
		11CB1B151B42FFBC004E9250 /* main.m in Sources */ = {isa = PBXBuildFile; fileRef = 11CB1B141B42FFBC004E9250 /* main.m */; };
		11CB1B181B42FFBC004E9250 /* AppDelegate.m in Sources */ = {isa = PBXBuildFile; fileRef = 11CB1B171B42FFBC004E9250 /* AppDelegate.m */; };
		11CB1B1B1B42FFBC004E9250 /* ViewController.m in Sources */ = {isa = PBXBuildFile; fileRef = 11CB1B1A1B42FFBC004E9250 /* ViewController.m */; };
		11CB1B1E1B42FFBC004E9250 /* Main.storyboard in Resources */ = {isa = PBXBuildFile; fileRef = 11CB1B1C1B42FFBC004E9250 /* Main.storyboard */; };
		11CB1B201B42FFBC004E9250 /* Images.xcassets in Resources */ = {isa = PBXBuildFile; fileRef = 11CB1B1F1B42FFBC004E9250 /* Images.xcassets */; };
		11CB1B231B42FFBC004E9250 /* LaunchScreen.xib in Resources */ = {isa = PBXBuildFile; fileRef = 11CB1B211B42FFBC004E9250 /* LaunchScreen.xib */; };
		11CB1B2F1B42FFBC004E9250 /* DemoGithubProjectTests.m in Sources */ = {isa = PBXBuildFile; fileRef = 11CB1B2E1B42FFBC004E9250 /* DemoGithubProjectTests.m */; };
/* End PBXBuildFile section */

/* Begin PBXContainerItemProxy section */
		11CB1B291B42FFBC004E9250 /* PBXContainerItemProxy */ = {
			isa = PBXContainerItemProxy;
			containerPortal = 11CB1B071B42FFBC004E9250 /* Project object */;
			proxyType = 1;
			remoteGlobalIDString = 11CB1B0E1B42FFBC004E9250;
			remoteInfo = DemoGithubProject;
		};
/* End PBXContainerItemProxy section */

/* Begin PBXFileReference section */
		11CB1B0F1B42FFBC004E9250 /* DemoGithubProject.app */ = {isa = PBXFileReference; explicitFileType = wrapper.application; includeInIndex = 0; path = DemoGithubProject.app; sourceTree = BUILT_PRODUCTS_DIR; };
		11CB1B131B42FFBC004E9250 /* Info.plist */ = {isa = PBXFileReference; lastKnownFileType = text.plist.xml; path = Info.plist; sourceTree = "<group>"; };
		11CB1B141B42FFBC004E9250 /* main.m */ = {isa = PBXFileReference; lastKnownFileType = sourcecode.c.objc; path = main.m; sourceTree = "<group>"; };
		11CB1B161B42FFBC004E9250 /* AppDelegate.h */ = {isa = PBXFileReference; lastKnownFileType = sourcecode.c.h; path = AppDelegate.h; sourceTree = "<group>"; };
		11CB1B171B42FFBC004E9250 /* AppDelegate.m */ = {isa = PBXFileReference; lastKnownFileType = sourcecode.c.objc; path = AppDelegate.m; sourceTree = "<group>"; };
		11CB1B191B42FFBC004E9250 /* ViewController.h */ = {isa = PBXFileReference; lastKnownFileType = sourcecode.c.h; path = ViewController.h; sourceTree = "<group>"; };
		11CB1B1A1B42FFBC004E9250 /* ViewController.m */ = {isa = PBXFileReference; lastKnownFileType = sourcecode.c.objc; path = ViewController.m; sourceTree = "<group>"; };
		11CB1B1D1B42FFBC004E9250 /* Base */ = {isa = PBXFileReference; lastKnownFileType = file.storyboard; name = Base; path = Base.lproj/Main.storyboard; sourceTree = "<group>"; };
		11CB1B1F1B42FFBC004E9250 /* Images.xcassets */ = {isa = PBXFileReference; lastKnownFileType = folder.assetcatalog; path = Images.xcassets; sourceTree = "<group>"; };
		11CB1B221B42FFBC004E9250 /* Base */ = {isa = PBXFileReference; lastKnownFileType = file.xib; name = Base; path = Base.lproj/LaunchScreen.xib; sourceTree = "<group>"; };
		11CB1B281B42FFBC004E9250 /* DemoGithubProjectTests.xctest */ = {isa = PBXFileReference; explicitFileType = wrapper.cfbundle; includeInIndex = 0; path = DemoGithubProjectTests.xctest; sourceTree = BUILT_PRODUCTS_DIR; };
		11CB1B2D1B42FFBC004E9250 /* Info.plist */ = {isa = PBXFileReference; lastKnownFileType = text.plist.xml; path = Info.plist; sourceTree = "<group>"; };
		11CB1B2E1B42FFBC004E9250 /* DemoGithubProjectTests.m */ = {isa = PBXFileReference; lastKnownFileType = sourcecode.c.objc; path = DemoGithubProjectTests.m; sourceTree = "<group>"; };
/* End PBXFileReference section */

/* Begin PBXFrameworksBuildPhase section */
		11CB1B0C1B42FFBC004E9250 /* Frameworks */ = {
			isa = PBXFrameworksBuildPhase;
			buildActionMask = 2147483647;
			files = (
			);
			runOnlyForDeploymentPostprocessing = 0;
		};
		11CB1B251B42FFBC004E9250 /* Frameworks */ = {
			isa = PBXFrameworksBuildPhase;
			buildActionMask = 2147483647;
			files = (
			);
			runOnlyForDeploymentPostprocessing = 0;
		};
/* End PBXFrameworksBuildPhase section */

/* Begin PBXGroup section */
		11CB1B061B42FFBC004E9250 = {
			isa = PBXGroup;
			children = (
				11CB1B111B42FFBC004E9250 /* DemoGithubProject */,
				11CB1B2B1B42FFBC004E9250 /* DemoGithubProjectTests */,
				11CB1B101B42FFBC004E9250 /* Products */,
			);
			sourceTree = "<group>";
		};
		11CB1B101B42FFBC004E9250 /* Products */ = {
			isa = PBXGroup;
			children = (
				11CB1B0F1B42FFBC004E9250 /* DemoGithubProject.app */,
				11CB1B281B42FFBC004E9250 /* DemoGithubProjectTests.xctest */,
			);
			name = Products;
			sourceTree = "<group>";
		};
		11CB1B111B42FFBC004E9250 /* DemoGithubProject */ = {
			isa = PBXGroup;
			children = (
				11CB1B161B42FFBC004E9250 /* AppDelegate.h */,
				11CB1B171B42FFBC004E9250 /* AppDelegate.m */,
				11CB1B191B42FFBC004E9250 /* ViewController.h */,
				11CB1B1A1B42FFBC004E9250 /* ViewController.m */,
				11CB1B1C1B42FFBC004E9250 /* Main.storyboard */,
				11CB1B1F1B42FFBC004E9250 /* Images.xcassets */,
				11CB1B211B42FFBC004E9250 /* LaunchScreen.xib */,
				11CB1B121B42FFBC004E9250 /* Supporting Files */,
			);
			path = DemoGithubProject;
			sourceTree = "<group>";
		};
		11CB1B121B42FFBC004E9250 /* Supporting Files */ = {
			isa = PBXGroup;
			children = (
				11CB1B131B42FFBC004E9250 /* Info.plist */,
				11CB1B141B42FFBC004E9250 /* main.m */,
			);
			name = "Supporting Files";
			sourceTree = "<group>";
		};
		11CB1B2B1B42FFBC004E9250 /* DemoGithubProjectTests */ = {
			isa = PBXGroup;
			children = (
				11CB1B2E1B42FFBC004E9250 /* DemoGithubProjectTests.m */,
				11CB1B2C1B42FFBC004E9250 /* Supporting Files */,
			);
			path = DemoGithubProjectTests;
			sourceTree = "<group>";
		};
		11CB1B2C1B42FFBC004E9250 /* Supporting Files */ = {
			isa = PBXGroup;
			children = (
				11CB1B2D1B42FFBC004E9250 /* Info.plist */,
			);
			name = "Supporting Files";
			sourceTree = "<group>";
		};
/* End PBXGroup section */

/* Begin PBXNativeTarget section */
		11CB1B0E1B42FFBC004E9250 /* DemoGithubProject */ = {
			isa = PBXNativeTarget;
			buildConfigurationList = 11CB1B321B42FFBC004E9250 /* Build configuration list for PBXNativeTarget "DemoGithubProject" */;
			buildPhases = (
				11CB1B0B1B42FFBC004E9250 /* Sources */,
				11CB1B0C1B42FFBC004E9250 /* Frameworks */,
				11CB1B0D1B42FFBC004E9250 /* Resources */,
			);
			buildRules = (
			);
			dependencies = (
			);
			name = DemoGithubProject;
			productName = DemoGithubProject;
			productReference = 11CB1B0F1B42FFBC004E9250 /* DemoGithubProject.app */;
			productType = "com.apple.product-type.application";
		};
		11CB1B271B42FFBC004E9250 /* DemoGithubProjectTests */ = {
			isa = PBXNativeTarget;
			buildConfigurationList = 11CB1B351B42FFBC004E9250 /* Build configuration list for PBXNativeTarget "DemoGithubProjectTests" */;
			buildPhases = (
				11CB1B241B42FFBC004E9250 /* Sources */,
				11CB1B251B42FFBC004E9250 /* Frameworks */,
				11CB1B261B42FFBC004E9250 /* Resources */,
			);
			buildRules = (
			);
			dependencies = (
				11CB1B2A1B42FFBC004E9250 /* PBXTargetDependency */,
			);
			name = DemoGithubProjectTests;
			productName = DemoGithubProjectTests;
			productReference = 11CB1B281B42FFBC004E9250 /* DemoGithubProjectTests.xctest */;
			productType = "com.apple.product-type.bundle.unit-test";
		};
/* End PBXNativeTarget section */

/* Begin PBXProject section */
		11CB1B071B42FFBC004E9250 /* Project object */ = {
			isa = PBXProject;
			attributes = {
				LastUpgradeCheck = 0630;
				ORGANIZATIONNAME = Xiao;
				TargetAttributes = {
					11CB1B0E1B42FFBC004E9250 = {
						CreatedOnToolsVersion = 6.3.2;
					};
					11CB1B271B42FFBC004E9250 = {
						CreatedOnToolsVersion = 6.3.2;
						TestTargetID = 11CB1B0E1B42FFBC004E9250;
					};
				};
			};
			buildConfigurationList = 11CB1B0A1B42FFBC004E9250 /* Build configuration list for PBXProject "DemoGithubProject" */;
			compatibilityVersion = "Xcode 3.2";
			developmentRegion = English;
			hasScannedForEncodings = 0;
			knownRegions = (
				en,
				Base,
			);
			mainGroup = 11CB1B061B42FFBC004E9250;
			productRefGroup = 11CB1B101B42FFBC004E9250 /* Products */;
			projectDirPath = "";
			projectRoot = "";
			targets = (
				11CB1B0E1B42FFBC004E9250 /* DemoGithubProject */,
				11CB1B271B42FFBC004E9250 /* DemoGithubProjectTests */,
			);
		};
/* End PBXProject section */

/* Begin PBXResourcesBuildPhase section */
		11CB1B0D1B42FFBC004E9250 /* Resources */ = {
			isa = PBXResourcesBuildPhase;
			buildActionMask = 2147483647;
			files = (
				11CB1B1E1B42FFBC004E9250 /* Main.storyboard in Resources */,
				11CB1B231B42FFBC004E9250 /* LaunchScreen.xib in Resources */,
				11CB1B201B42FFBC004E9250 /* Images.xcassets in Resources */,
			);
			runOnlyForDeploymentPostprocessing = 0;
		};
		11CB1B261B42FFBC004E9250 /* Resources */ = {
			isa = PBXResourcesBuildPhase;
			buildActionMask = 2147483647;
			files = (
			);
			runOnlyForDeploymentPostprocessing = 0;
		};
/* End PBXResourcesBuildPhase section */

/* Begin PBXSourcesBuildPhase section */
		11CB1B0B1B42FFBC004E9250 /* Sources */ = {
			isa = PBXSourcesBuildPhase;
			buildActionMask = 2147483647;
			files = (
				11CB1B1B1B42FFBC004E9250 /* ViewController.m in Sources */,
				11CB1B181B42FFBC004E9250 /* AppDelegate.m in Sources */,
				11CB1B151B42FFBC004E9250 /* main.m in Sources */,
			);
			runOnlyForDeploymentPostprocessing = 0;
		};
		11CB1B241B42FFBC004E9250 /* Sources */ = {
			isa = PBXSourcesBuildPhase;
			buildActionMask = 2147483647;
			files = (
				11CB1B2F1B42FFBC004E9250 /* DemoGithubProjectTests.m in Sources */,
			);
			runOnlyForDeploymentPostprocessing = 0;
		};
/* End PBXSourcesBuildPhase section */

/* Begin PBXTargetDependency section */
		11CB1B2A1B42FFBC004E9250 /* PBXTargetDependency */ = {
			isa = PBXTargetDependency;
			target = 11CB1B0E1B42FFBC004E9250 /* DemoGithubProject */;
			targetProxy = 11CB1B291B42FFBC004E9250 /* PBXContainerItemProxy */;
		};
/* End PBXTargetDependency section */

/* Begin PBXVariantGroup section */
		11CB1B1C1B42FFBC004E9250 /* Main.storyboard */ = {
			isa = PBXVariantGroup;
			children = (
				11CB1B1D1B42FFBC004E9250 /* Base */,
			);
			name = Main.storyboard;
			sourceTree = "<group>";
		};
		11CB1B211B42FFBC004E9250 /* LaunchScreen.xib */ = {
			isa = PBXVariantGroup;
			children = (
				11CB1B221B42FFBC004E9250 /* Base */,
			);
			name = LaunchScreen.xib;
			sourceTree = "<group>";
		};
/* End PBXVariantGroup section */

/* Begin XCBuildConfiguration section */
		11CB1B301B42FFBC004E9250 /* Debug */ = {
			isa = XCBuildConfiguration;
			buildSettings = {
				ALWAYS_SEARCH_USER_PATHS = NO;
				CLANG_CXX_LANGUAGE_STANDARD = "gnu++0x";
				CLANG_CXX_LIBRARY = "libc++";
				CLANG_ENABLE_MODULES = YES;
				CLANG_ENABLE_OBJC_ARC = YES;
				CLANG_WARN_BOOL_CONVERSION = YES;
				CLANG_WARN_CONSTANT_CONVERSION = YES;
				CLANG_WARN_DIRECT_OBJC_ISA_USAGE = YES_ERROR;
				CLANG_WARN_EMPTY_BODY = YES;
				CLANG_WARN_ENUM_CONVERSION = YES;
				CLANG_WARN_INT_CONVERSION = YES;
				CLANG_WARN_OBJC_ROOT_CLASS = YES_ERROR;
				CLANG_WARN_UNREACHABLE_CODE = YES;
				CLANG_WARN__DUPLICATE_METHOD_MATCH = YES;
				"CODE_SIGN_IDENTITY[sdk=iphoneos*]" = "iPhone Developer";
				COPY_PHASE_STRIP = NO;
				DEBUG_INFORMATION_FORMAT = "dwarf-with-dsym";
				ENABLE_STRICT_OBJC_MSGSEND = YES;
				GCC_C_LANGUAGE_STANDARD = gnu99;
				GCC_DYNAMIC_NO_PIC = NO;
				GCC_NO_COMMON_BLOCKS = YES;
				GCC_OPTIMIZATION_LEVEL = 0;
				GCC_PREPROCESSOR_DEFINITIONS = (
					"DEBUG=1",
					"$(inherited)",
				);
				GCC_SYMBOLS_PRIVATE_EXTERN = NO;
				GCC_WARN_64_TO_32_BIT_CONVERSION = YES;
				GCC_WARN_ABOUT_RETURN_TYPE = YES_ERROR;
				GCC_WARN_UNDECLARED_SELECTOR = YES;
				GCC_WARN_UNINITIALIZED_AUTOS = YES_AGGRESSIVE;
				GCC_WARN_UNUSED_FUNCTION = YES;
				GCC_WARN_UNUSED_VARIABLE = YES;
				IPHONEOS_DEPLOYMENT_TARGET = 8.3;
				MTL_ENABLE_DEBUG_INFO = YES;
				ONLY_ACTIVE_ARCH = YES;
				SDKROOT = iphoneos;
			};
			name = Debug;
		};
		11CB1B311B42FFBC004E9250 /* Release */ = {
			isa = XCBuildConfiguration;
			buildSettings = {
				ALWAYS_SEARCH_USER_PATHS = NO;
				CLANG_CXX_LANGUAGE_STANDARD = "gnu++0x";
				CLANG_CXX_LIBRARY = "libc++";
				CLANG_ENABLE_MODULES = YES;
				CLANG_ENABLE_OBJC_ARC = YES;
				CLANG_WARN_BOOL_CONVERSION = YES;
				CLANG_WARN_CONSTANT_CONVERSION = YES;
				CLANG_WARN_DIRECT_OBJC_ISA_USAGE = YES_ERROR;
				CLANG_WARN_EMPTY_BODY = YES;
				CLANG_WARN_ENUM_CONVERSION = YES;
				CLANG_WARN_INT_CONVERSION = YES;
				CLANG_WARN_OBJC_ROOT_CLASS = YES_ERROR;
				CLANG_WARN_UNREACHABLE_CODE = YES;
				CLANG_WARN__DUPLICATE_METHOD_MATCH = YES;
				"CODE_SIGN_IDENTITY[sdk=iphoneos*]" = "iPhone Developer";
				COPY_PHASE_STRIP = NO;
				DEBUG_INFORMATION_FORMAT = "dwarf-with-dsym";
				ENABLE_NS_ASSERTIONS = NO;
				ENABLE_STRICT_OBJC_MSGSEND = YES;
				GCC_C_LANGUAGE_STANDARD = gnu99;
				GCC_NO_COMMON_BLOCKS = YES;
				GCC_WARN_64_TO_32_BIT_CONVERSION = YES;
				GCC_WARN_ABOUT_RETURN_TYPE = YES_ERROR;
				GCC_WARN_UNDECLARED_SELECTOR = YES;
				GCC_WARN_UNINITIALIZED_AUTOS = YES_AGGRESSIVE;
				GCC_WARN_UNUSED_FUNCTION = YES;
				GCC_WARN_UNUSED_VARIABLE = YES;
				IPHONEOS_DEPLOYMENT_TARGET = 8.3;
				MTL_ENABLE_DEBUG_INFO = NO;
				SDKROOT = iphoneos;
				VALIDATE_PRODUCT = YES;
			};
			name = Release;
		};
		11CB1B331B42FFBC004E9250 /* Debug */ = {
			isa = XCBuildConfiguration;
			buildSettings = {
				ASSETCATALOG_COMPILER_APPICON_NAME = AppIcon;
				INFOPLIST_FILE = DemoGithubProject/Info.plist;
				LD_RUNPATH_SEARCH_PATHS = "$(inherited) @executable_path/Frameworks";
				PRODUCT_NAME = "$(TARGET_NAME)";
			};
			name = Debug;
		};
		11CB1B341B42FFBC004E9250 /* Release */ = {
			isa = XCBuildConfiguration;
			buildSettings = {
				ASSETCATALOG_COMPILER_APPICON_NAME = AppIcon;
				INFOPLIST_FILE = DemoGithubProject/Info.plist;
				LD_RUNPATH_SEARCH_PATHS = "$(inherited) @executable_path/Frameworks";
				PRODUCT_NAME = "$(TARGET_NAME)";
			};
			name = Release;
		};
		11CB1B361B42FFBC004E9250 /* Debug */ = {
			isa = XCBuildConfiguration;
			buildSettings = {
				BUNDLE_LOADER = "$(TEST_HOST)";
				FRAMEWORK_SEARCH_PATHS = (
					"$(SDKROOT)/Developer/Library/Frameworks",
					"$(inherited)",
				);
				GCC_PREPROCESSOR_DEFINITIONS = (
					"DEBUG=1",
					"$(inherited)",
				);
				INFOPLIST_FILE = DemoGithubProjectTests/Info.plist;
				LD_RUNPATH_SEARCH_PATHS = "$(inherited) @executable_path/Frameworks @loader_path/Frameworks";
				PRODUCT_NAME = "$(TARGET_NAME)";
				TEST_HOST = "$(BUILT_PRODUCTS_DIR)/DemoGithubProject.app/DemoGithubProject";
			};
			name = Debug;
		};
		11CB1B371B42FFBC004E9250 /* Release */ = {
			isa = XCBuildConfiguration;
			buildSettings = {
				BUNDLE_LOADER = "$(TEST_HOST)";
				FRAMEWORK_SEARCH_PATHS = (
					"$(SDKROOT)/Developer/Library/Frameworks",
					"$(inherited)",
				);
				INFOPLIST_FILE = DemoGithubProjectTests/Info.plist;
				LD_RUNPATH_SEARCH_PATHS = "$(inherited) @executable_path/Frameworks @loader_path/Frameworks";
				PRODUCT_NAME = "$(TARGET_NAME)";
				TEST_HOST = "$(BUILT_PRODUCTS_DIR)/DemoGithubProject.app/DemoGithubProject";
			};
			name = Release;
		};
/* End XCBuildConfiguration section */

/* Begin XCConfigurationList section */
		11CB1B0A1B42FFBC004E9250 /* Build configuration list for PBXProject "DemoGithubProject" */ = {
			isa = XCConfigurationList;
			buildConfigurations = (
				11CB1B301B42FFBC004E9250 /* Debug */,
				11CB1B311B42FFBC004E9250 /* Release */,
			);
			defaultConfigurationIsVisible = 0;
			defaultConfigurationName = Release;
		};
		11CB1B321B42FFBC004E9250 /* Build configuration list for PBXNativeTarget "DemoGithubProject" */ = {
			isa = XCConfigurationList;
			buildConfigurations = (
				11CB1B331B42FFBC004E9250 /* Debug */,
				11CB1B341B42FFBC004E9250 /* Release */,
			);
			defaultConfigurationIsVisible = 0;
		};
		11CB1B351B42FFBC004E9250 /* Build configuration list for PBXNativeTarget "DemoGithubProjectTests" */ = {
			isa = XCConfigurationList;
			buildConfigurations = (
				11CB1B361B42FFBC004E9250 /* Debug */,
				11CB1B371B42FFBC004E9250 /* Release */,
			);
			defaultConfigurationIsVisible = 0;
		};
/* End XCConfigurationList section */
	};
	rootObject = 11CB1B071B42FFBC004E9250 /* Project object */;
}
